
Microsoft Visual Studio Solution File, Format Version 12.00
# Visual Studio 15
VisualStudioVersion = 15.0.28307.168
MinimumVisualStudioVersion = 10.0.40219.1
Project("{2150E333-8FDC-42A3-9474-1A3956D46DE8}") = "winform basic", "winform basic", "{A7DA61CE-69CB-44F8-96D7-CD8656EA91C0}"
EndProject
Project("{FAE04EC0-301F-11D3-BF4B-00C04F79EFBC}") = "b1_motsothuoctinhform", "b1_test\b1_motsothuoctinhform.csproj", "{A492370D-6CC0-43A5-BF61-F5F41FB92B82}"
EndProject
Project("{FAE04EC0-301F-11D3-BF4B-00C04F79EFBC}") = "ThamKhao", "ConsoleApp1\ThamKhao.csproj", "{4BED846F-899E-4702-A66F-7FA5707AD4C6}"
EndProject
Project("{FAE04EC0-301F-11D3-BF4B-00C04F79EFBC}") = "b2_vidumaytinhbotuidongian", "b2_vidumaytinhbotuidongian\b2_vidumaytinhbotuidongian.csproj", "{1CFAC988-00AB-46FA-81CA-D7A426B759DB}"
EndProject
Project("{FAE04EC0-301F-11D3-BF4B-00C04F79EFBC}") = "b3_listview", "b3_listview\b3_listview.csproj", "{9209BB87-1332-4C5F-B0FC-46DAD56FFC4F}"
EndProject
Project("{FAE04EC0-301F-11D3-BF4B-00C04F79EFBC}") = "b4_treeview", "b4_treeview\b4_treeview.csproj", "{9935A9C5-7F87-41C5-A942-7E882F22F63A}"
EndProject
Project("{FAE04EC0-301F-11D3-BF4B-00C04F79EFBC}") = "b5_Combobox", "b5_Combobox\b5_Combobox.csproj", "{A9AFF0E4-3253-456C-98EE-B787F562BE9E}"
EndProject
Project("{FAE04EC0-301F-11D3-BF4B-00C04F79EFBC}") = "b6_ListBox", "b6_ListBox\b6_ListBox.csproj", "{4AA2B02A-AE9C-43D7-B339-6592FFF751D2}"
EndProject
Project("{FAE04EC0-301F-11D3-BF4B-00C04F79EFBC}") = "b7_QLSV_dongian", "b7_QLSV_dongian\b7_QLSV_dongian.csproj", "{4F42BA61-DBBC-4281-9686-75D3E834E285}"
EndProject
Project("{FAE04EC0-301F-11D3-BF4B-00C04F79EFBC}") = "b8_ADONET", "b8_ADONET\b8_ADONET.csproj", "{36C71605-26CC-47B9-8FE9-3D540A78E6ED}"
EndProject
Project("{FAE04EC0-301F-11D3-BF4B-00C04F79EFBC}") = "b9_DataGridView", "b9_DataGridView\b9_DataGridView.csproj", "{341385A2-910F-4920-8D53-AEBC2A5422BD}"
EndProject
Global
	GlobalSection(SolutionConfigurationPlatforms) = preSolution
		Debug|Any CPU = Debug|Any CPU
		Release|Any CPU = Release|Any CPU
	EndGlobalSection
	GlobalSection(ProjectConfigurationPlatforms) = postSolution
		{A492370D-6CC0-43A5-BF61-F5F41FB92B82}.Debug|Any CPU.ActiveCfg = Debug|Any CPU
		{A492370D-6CC0-43A5-BF61-F5F41FB92B82}.Debug|Any CPU.Build.0 = Debug|Any CPU
		{A492370D-6CC0-43A5-BF61-F5F41FB92B82}.Release|Any CPU.ActiveCfg = Release|Any CPU
		{A492370D-6CC0-43A5-BF61-F5F41FB92B82}.Release|Any CPU.Build.0 = Release|Any CPU
		{4BED846F-899E-4702-A66F-7FA5707AD4C6}.Debug|Any CPU.ActiveCfg = Debug|Any CPU
		{4BED846F-899E-4702-A66F-7FA5707AD4C6}.Debug|Any CPU.Build.0 = Debug|Any CPU
		{4BED846F-899E-4702-A66F-7FA5707AD4C6}.Release|Any CPU.ActiveCfg = Release|Any CPU
		{4BED846F-899E-4702-A66F-7FA5707AD4C6}.Release|Any CPU.Build.0 = Release|Any CPU
		{1CFAC988-00AB-46FA-81CA-D7A426B759DB}.Debug|Any CPU.ActiveCfg = Debug|Any CPU
		{1CFAC988-00AB-46FA-81CA-D7A426B759DB}.Debug|Any CPU.Build.0 = Debug|Any CPU
		{1CFAC988-00AB-46FA-81CA-D7A426B759DB}.Release|Any CPU.ActiveCfg = Release|Any CPU
		{1CFAC988-00AB-46FA-81CA-D7A426B759DB}.Release|Any CPU.Build.0 = Release|Any CPU
		{9209BB87-1332-4C5F-B0FC-46DAD56FFC4F}.Debug|Any CPU.ActiveCfg = Debug|Any CPU
		{9209BB87-1332-4C5F-B0FC-46DAD56FFC4F}.Debug|Any CPU.Build.0 = Debug|Any CPU
		{9209BB87-1332-4C5F-B0FC-46DAD56FFC4F}.Release|Any CPU.ActiveCfg = Release|Any CPU
		{9209BB87-1332-4C5F-B0FC-46DAD56FFC4F}.Release|Any CPU.Build.0 = Release|Any CPU
		{9935A9C5-7F87-41C5-A942-7E882F22F63A}.Debug|Any CPU.ActiveCfg = Debug|Any CPU
		{9935A9C5-7F87-41C5-A942-7E882F22F63A}.Debug|Any CPU.Build.0 = Debug|Any CPU
		{9935A9C5-7F87-41C5-A942-7E882F22F63A}.Release|Any CPU.ActiveCfg = Release|Any CPU
		{9935A9C5-7F87-41C5-A942-7E882F22F63A}.Release|Any CPU.Build.0 = Release|Any CPU
		{A9AFF0E4-3253-456C-98EE-B787F562BE9E}.Debug|Any CPU.ActiveCfg = Debug|Any CPU
		{A9AFF0E4-3253-456C-98EE-B787F562BE9E}.Debug|Any CPU.Build.0 = Debug|Any CPU
		{A9AFF0E4-3253-456C-98EE-B787F562BE9E}.Release|Any CPU.ActiveCfg = Release|Any CPU
		{A9AFF0E4-3253-456C-98EE-B787F562BE9E}.Release|Any CPU.Build.0 = Release|Any CPU
		{4AA2B02A-AE9C-43D7-B339-6592FFF751D2}.Debug|Any CPU.ActiveCfg = Debug|Any CPU
		{4AA2B02A-AE9C-43D7-B339-6592FFF751D2}.Debug|Any CPU.Build.0 = Debug|Any CPU
		{4AA2B02A-AE9C-43D7-B339-6592FFF751D2}.Release|Any CPU.ActiveCfg = Release|Any CPU
		{4AA2B02A-AE9C-43D7-B339-6592FFF751D2}.Release|Any CPU.Build.0 = Release|Any CPU
		{4F42BA61-DBBC-4281-9686-75D3E834E285}.Debug|Any CPU.ActiveCfg = Debug|Any CPU
		{4F42BA61-DBBC-4281-9686-75D3E834E285}.Debug|Any CPU.Build.0 = Debug|Any CPU
		{4F42BA61-DBBC-4281-9686-75D3E834E285}.Release|Any CPU.ActiveCfg = Release|Any CPU
		{4F42BA61-DBBC-4281-9686-75D3E834E285}.Release|Any CPU.Build.0 = Release|Any CPU
		{36C71605-26CC-47B9-8FE9-3D540A78E6ED}.Debug|Any CPU.ActiveCfg = Debug|Any CPU
		{36C71605-26CC-47B9-8FE9-3D540A78E6ED}.Debug|Any CPU.Build.0 = Debug|Any CPU
		{36C71605-26CC-47B9-8FE9-3D540A78E6ED}.Release|Any CPU.ActiveCfg = Release|Any CPU
		{36C71605-26CC-47B9-8FE9-3D540A78E6ED}.Release|Any CPU.Build.0 = Release|Any CPU
		{341385A2-910F-4920-8D53-AEBC2A5422BD}.Debug|Any CPU.ActiveCfg = Debug|Any CPU
		{341385A2-910F-4920-8D53-AEBC2A5422BD}.Debug|Any CPU.Build.0 = Debug|Any CPU
		{341385A2-910F-4920-8D53-AEBC2A5422BD}.Release|Any CPU.ActiveCfg = Release|Any CPU
		{341385A2-910F-4920-8D53-AEBC2A5422BD}.Release|Any CPU.Build.0 = Release|Any CPU
	EndGlobalSection
	GlobalSection(SolutionProperties) = preSolution
		HideSolutionNode = FALSE
	EndGlobalSection
	GlobalSection(NestedProjects) = preSolution
		{A492370D-6CC0-43A5-BF61-F5F41FB92B82} = {A7DA61CE-69CB-44F8-96D7-CD8656EA91C0}
		{4BED846F-899E-4702-A66F-7FA5707AD4C6} = {A7DA61CE-69CB-44F8-96D7-CD8656EA91C0}
		{1CFAC988-00AB-46FA-81CA-D7A426B759DB} = {A7DA61CE-69CB-44F8-96D7-CD8656EA91C0}
		{9209BB87-1332-4C5F-B0FC-46DAD56FFC4F} = {A7DA61CE-69CB-44F8-96D7-CD8656EA91C0}
		{9935A9C5-7F87-41C5-A942-7E882F22F63A} = {A7DA61CE-69CB-44F8-96D7-CD8656EA91C0}
		{A9AFF0E4-3253-456C-98EE-B787F562BE9E} = {A7DA61CE-69CB-44F8-96D7-CD8656EA91C0}
		{4AA2B02A-AE9C-43D7-B339-6592FFF751D2} = {A7DA61CE-69CB-44F8-96D7-CD8656EA91C0}
		{4F42BA61-DBBC-4281-9686-75D3E834E285} = {A7DA61CE-69CB-44F8-96D7-CD8656EA91C0}
		{36C71605-26CC-47B9-8FE9-3D540A78E6ED} = {A7DA61CE-69CB-44F8-96D7-CD8656EA91C0}
		{341385A2-910F-4920-8D53-AEBC2A5422BD} = {A7DA61CE-69CB-44F8-96D7-CD8656EA91C0}
	EndGlobalSection
	GlobalSection(ExtensibilityGlobals) = postSolution
		SolutionGuid = {5C3EEC54-3171-4513-804F-24D0F10978D3}
	EndGlobalSection
EndGlobal
