
Microsoft Visual Studio Solution File, Format Version 12.00
# Visual Studio 15
VisualStudioVersion = 15.0.28307.489
MinimumVisualStudioVersion = 10.0.40219.1
Project("{FAE04EC0-301F-11D3-BF4B-00C04F79EFBC}") = "DTO", "DTO\DTO.csproj", "{95023151-E942-451C-A3B8-ABE7AE62A722}"
EndProject
Project("{FAE04EC0-301F-11D3-BF4B-00C04F79EFBC}") = "Presentation", "QLSV\Presentation.csproj", "{A7EDDC3B-A719-4316-BD41-84EDE7B2F97F}"
EndProject
Project("{FAE04EC0-301F-11D3-BF4B-00C04F79EFBC}") = "DAL", "DAL\DAL.csproj", "{69B65E5D-875E-4A57-9AB2-7C8700D251AB}"
EndProject
Project("{FAE04EC0-301F-11D3-BF4B-00C04F79EFBC}") = "BUL", "BUL\BUL.csproj", "{C5250706-981B-40BA-9CB0-EC434D647E76}"
EndProject
Global
	GlobalSection(SolutionConfigurationPlatforms) = preSolution
		Debug|Any CPU = Debug|Any CPU
		Release|Any CPU = Release|Any CPU
	EndGlobalSection
	GlobalSection(ProjectConfigurationPlatforms) = postSolution
		{95023151-E942-451C-A3B8-ABE7AE62A722}.Debug|Any CPU.ActiveCfg = Debug|Any CPU
		{95023151-E942-451C-A3B8-ABE7AE62A722}.Debug|Any CPU.Build.0 = Debug|Any CPU
		{95023151-E942-451C-A3B8-ABE7AE62A722}.Release|Any CPU.ActiveCfg = Release|Any CPU
		{95023151-E942-451C-A3B8-ABE7AE62A722}.Release|Any CPU.Build.0 = Release|Any CPU
		{A7EDDC3B-A719-4316-BD41-84EDE7B2F97F}.Debug|Any CPU.ActiveCfg = Debug|Any CPU
		{A7EDDC3B-A719-4316-BD41-84EDE7B2F97F}.Debug|Any CPU.Build.0 = Debug|Any CPU
		{A7EDDC3B-A719-4316-BD41-84EDE7B2F97F}.Release|Any CPU.ActiveCfg = Release|Any CPU
		{A7EDDC3B-A719-4316-BD41-84EDE7B2F97F}.Release|Any CPU.Build.0 = Release|Any CPU
		{69B65E5D-875E-4A57-9AB2-7C8700D251AB}.Debug|Any CPU.ActiveCfg = Debug|Any CPU
		{69B65E5D-875E-4A57-9AB2-7C8700D251AB}.Debug|Any CPU.Build.0 = Debug|Any CPU
		{69B65E5D-875E-4A57-9AB2-7C8700D251AB}.Release|Any CPU.ActiveCfg = Release|Any CPU
		{69B65E5D-875E-4A57-9AB2-7C8700D251AB}.Release|Any CPU.Build.0 = Release|Any CPU
		{C5250706-981B-40BA-9CB0-EC434D647E76}.Debug|Any CPU.ActiveCfg = Debug|Any CPU
		{C5250706-981B-40BA-9CB0-EC434D647E76}.Debug|Any CPU.Build.0 = Debug|Any CPU
		{C5250706-981B-40BA-9CB0-EC434D647E76}.Release|Any CPU.ActiveCfg = Release|Any CPU
		{C5250706-981B-40BA-9CB0-EC434D647E76}.Release|Any CPU.Build.0 = Release|Any CPU
	EndGlobalSection
	GlobalSection(SolutionProperties) = preSolution
		HideSolutionNode = FALSE
	EndGlobalSection
	GlobalSection(ExtensibilityGlobals) = postSolution
		SolutionGuid = {5BB8D3CC-1D84-46AE-8D62-428BF734C6A2}
	EndGlobalSection
EndGlobal
